
Microsoft Visual Studio Solution File, Format Version 12.00
# Visual Studio Version 17
VisualStudioVersion = 17.4.33110.190
MinimumVisualStudioVersion = 10.0.40219.1
Project("{8BC9CEB8-8B4A-11D0-8D11-00A0C91BC942}") = "RaidCalc", "RaidCalc\RaidCalc.vcxproj", "{6885D39C-697A-4CF5-919E-3A47A2BA6A67}"
EndProject
Global
	GlobalSection(SolutionConfigurationPlatforms) = preSolution
		Debug|x64 = Debug|x64
		Release|x64 = Release|x64
	EndGlobalSection
	GlobalSection(ProjectConfigurationPlatforms) = postSolution
		{6885D39C-697A-4CF5-919E-3A47A2BA6A67}.Debug|x64.ActiveCfg = Debug|x64
		{6885D39C-697A-4CF5-919E-3A47A2BA6A67}.Debug|x64.Build.0 = Debug|x64
		{6885D39C-697A-4CF5-919E-3A47A2BA6A67}.Release|x64.ActiveCfg = Release|x64
		{6885D39C-697A-4CF5-919E-3A47A2BA6A67}.Release|x64.Build.0 = Release|x64
	EndGlobalSection
	GlobalSection(SolutionProperties) = preSolution
		HideSolutionNode = FALSE
	EndGlobalSection
	GlobalSection(ExtensibilityGlobals) = postSolution
		SolutionGuid = {103F3B63-3DA8-4A1A-ACC3-D6D6ED9AA758}
	EndGlobalSection
EndGlobal
