<?xml version="1.0" encoding="utf-8"?>
<Project ToolsVersion="4.0" xmlns="http://schemas.microsoft.com/developer/msbuild/2003">
  <ItemGroup>
    <Filter Include="Source Files">
      <UniqueIdentifier>{4FC737F1-C7A5-4376-A066-2A32D752A2FF}</UniqueIdentifier>
      <Extensions>qml;cpp;c;cc;cxx;def;odl;idl;hpj;bat;asm;asmx</Extensions>
    </Filter>
    <Filter Include="Header Files">
      <UniqueIdentifier>{93995380-89BD-4b04-88EB-625FBE52EBFB}</UniqueIdentifier>
      <Extensions>h;hh;hpp;hxx;hm;inl;inc;xsd</Extensions>
    </Filter>
    <Filter Include="Resource Files">
      <UniqueIdentifier>{67DA6AB6-F800-4c08-8B7A-83BB121AAD01}</UniqueIdentifier>
      <Extensions>qrc;rc;ico;cur;bmp;dlg;rc2;rct;bin;rgs;gif;jpg;jpeg;jpe;resx;tiff;tif;png;wav;mfcribbon-ms</Extensions>
    </Filter>
    <Filter Include="Form Files">
      <UniqueIdentifier>{99349809-55BA-4b9d-BF79-8FDBB0286EB3}</UniqueIdentifier>
      <Extensions>ui</Extensions>
    </Filter>
    <Filter Include="Translation Files">
      <UniqueIdentifier>{639EADAA-A684-42e4-A9AD-28FC9BCB8F7C}</UniqueIdentifier>
      <Extensions>ts</Extensions>
    </Filter>
  </ItemGroup>
  <ItemGroup>
    <QtRcc Include="RaidCalc.qrc">
      <Filter>Resource Files</Filter>
    </QtRcc>
    <QtUic Include="RaidCalc.ui">
      <Filter>Form Files</Filter>
    </QtUic>
    <QtMoc Include="RaidCalc.h">
      <Filter>Header Files</Filter>
    </QtMoc>
    <ClCompile Include="RaidCalc.cpp">
      <Filter>Source Files</Filter>
    </ClCompile>
  </ItemGroup>
  <ItemGroup>
    <ClCompile Include="main.cpp">
      <Filter>Source Files</Filter>
    </ClCompile>
    <ClCompile Include="SeedFinder.cpp">
      <Filter>Source Files</Filter>
    </ClCompile>
    <ClCompile Include="ItemFilterDialog.cpp">
      <Filter>Source Files</Filter>
    </ClCompile>
    <ClCompile Include="Utils.cpp">
      <Filter>Source Files</Filter>
    </ClCompile>
    <ClCompile Include="Benchmarks.cpp">
      <Filter>Source Files</Filter>
    </ClCompile>
    <ClCompile Include="SeedViewerDialog.cpp">
      <Filter>Source Files</Filter>
    </ClCompile>
    <ClCompile Include="AboutDialog.cpp">
      <Filter>Source Files</Filter>
    </ClCompile>
    <ClCompile Include="SettingsDialog.cpp">
      <Filter>Source Files</Filter>
    </ClCompile>
    <ClCompile Include="SpeciesConverter.cpp">
      <Filter>Source Files</Filter>
    </ClCompile>
    <ClCompile Include="EncounterDatabaseDialog.cpp">
      <Filter>Source Files</Filter>
    </ClCompile>
  </ItemGroup>
  <ItemGroup>
    <ClInclude Include="EncounterTera9.h">
      <Filter>Header Files</Filter>
    </ClInclude>
    <ClInclude Include="PokemonNames.h">
      <Filter>Header Files</Filter>
    </ClInclude>
    <ClInclude Include="RaidFixedRewards.inc.h">
      <Filter>Header Files</Filter>
    </ClInclude>
    <ClInclude Include="RaidLotteryRewards.inc.h">
      <Filter>Header Files</Filter>
    </ClInclude>
    <ClInclude Include="RaidRewards.h">
      <Filter>Header Files</Filter>
    </ClInclude>
    <ClInclude Include="Xoroshiro128Plus.h">
      <Filter>Header Files</Filter>
    </ClInclude>
    <ClInclude Include="SeedFinder.h">
      <Filter>Header Files</Filter>
    </ClInclude>
    <ClInclude Include="Stopwatch.h">
      <Filter>Header Files</Filter>
    </ClInclude>
    <ClInclude Include="PersonalInfo9SV.h">
      <Filter>Header Files</Filter>
    </ClInclude>
    <ClInclude Include="PersonalTable9SV.h">
      <Filter>Header Files</Filter>
    </ClInclude>
    <ClInclude Include="Utils.h">
      <Filter>Header Files</Filter>
    </ClInclude>
    <ClInclude Include="Benchmarks.h">
      <Filter>Header Files</Filter>
    </ClInclude>
    <ClInclude Include="FormUtils.h">
      <Filter>Header Files</Filter>
    </ClInclude>
    <ClInclude Include="SpeciesConverter.h">
      <Filter>Header Files</Filter>
    </ClInclude>
    <ClInclude Include="EventNames.inc.h">
      <Filter>Header Files</Filter>
    </ClInclude>
    <ClInclude Include="RewardInfo.inc.h">
      <Filter>Header Files</Filter>
    </ClInclude>
  </ItemGroup>
  <ItemGroup>
    <QtUic Include="ItemFilterDialog.ui">
      <Filter>Form Files</Filter>
    </QtUic>
    <QtUic Include="SeedViewerDialog.ui">
      <Filter>Form Files</Filter>
    </QtUic>
    <QtUic Include="AboutDialog.ui">
      <Filter>Form Files</Filter>
    </QtUic>
    <QtUic Include="SettingsDialog.ui">
      <Filter>Form Files</Filter>
    </QtUic>
    <QtUic Include="EncounterDatabaseDialog.ui">
      <Filter>Form Files</Filter>
    </QtUic>
  </ItemGroup>
  <ItemGroup>
    <QtMoc Include="ItemFilterDialog.h">
      <Filter>Header Files</Filter>
    </QtMoc>
    <QtMoc Include="SeedTableModel.h">
      <Filter>Header Files</Filter>
    </QtMoc>
    <QtMoc Include="SeedViewerDialog.h">
      <Filter>Header Files</Filter>
    </QtMoc>
    <QtMoc Include="AboutDialog.h">
      <Filter>Header Files</Filter>
    </QtMoc>
    <QtMoc Include="SettingsDialog.h">
      <Filter>Header Files</Filter>
    </QtMoc>
    <QtMoc Include="EncounterDatabaseDialog.h">
      <Filter>Header Files</Filter>
    </QtMoc>
    <QtMoc Include="EncounterEntryModel.h">
      <Filter>Header Files</Filter>
    </QtMoc>
  </ItemGroup>
</Project>